
Microsoft Visual Studio Solution File, Format Version 12.00
# Visual Studio Version 17
VisualStudioVersion = 17.4.33110.190
MinimumVisualStudioVersion = 10.0.40219.1
Project("{9A19103F-16F7-4668-BE54-9A1E7A4F7556}") = "ToToDiario.API", "ToToDiario.API\ToToDiario.API.csproj", "{F5B69376-A838-4894-B636-B8451B15ECF9}"
EndProject
Global
	GlobalSection(SolutionConfigurationPlatforms) = preSolution
		Debug|Any CPU = Debug|Any CPU
		Release|Any CPU = Release|Any CPU
	EndGlobalSection
	GlobalSection(ProjectConfigurationPlatforms) = postSolution
		{F5B69376-A838-4894-B636-B8451B15ECF9}.Debug|Any CPU.ActiveCfg = Debug|Any CPU
		{F5B69376-A838-4894-B636-B8451B15ECF9}.Debug|Any CPU.Build.0 = Debug|Any CPU
		{F5B69376-A838-4894-B636-B8451B15ECF9}.Release|Any CPU.ActiveCfg = Release|Any CPU
		{F5B69376-A838-4894-B636-B8451B15ECF9}.Release|Any CPU.Build.0 = Release|Any CPU
	EndGlobalSection
	GlobalSection(SolutionProperties) = preSolution
		HideSolutionNode = FALSE
	EndGlobalSection
	GlobalSection(ExtensibilityGlobals) = postSolution
		SolutionGuid = {4136C6CF-7B68-4A70-8950-35FA13D964FB}
	EndGlobalSection
EndGlobal
